<?xml version="1.0" encoding="utf-8"?>
<Project ToolsVersion="4.0" xmlns="http://schemas.microsoft.com/developer/msbuild/2003">
  <ItemGroup>
    <Filter Include="Source Files">
      <UniqueIdentifier>{4FC737F1-C7A5-4376-A066-2A32D752A2FF}</UniqueIdentifier>
      <Extensions>cpp;c;cc;cxx;def;odl;idl;hpj;bat;asm;asmx</Extensions>
    </Filter>
    <Filter Include="Header Files">
      <UniqueIdentifier>{93995380-89BD-4b04-88EB-625FBE52EBFB}</UniqueIdentifier>
      <Extensions>h;hh;hpp;hxx;hm;inl;inc;xsd</Extensions>
    </Filter>
    <Filter Include="Resource Files">
      <UniqueIdentifier>{67DA6AB6-F800-4c08-8B7A-83BB121AAD01}</UniqueIdentifier>
      <Extensions>rc;ico;cur;bmp;dlg;rc2;rct;bin;rgs;gif;jpg;jpeg;jpe;resx;tiff;tif;png;wav;mfcribbon-ms</Extensions>
    </Filter>
    <Filter Include="Source Files\Renderer">
      <UniqueIdentifier>{4f5c0218-d48f-4085-8511-8b46fe17119e}</UniqueIdentifier>
    </Filter>
    <Filter Include="Header Files\Renderer">
      <UniqueIdentifier>{753b5816-01be-4e6f-b33c-23b82708e715}</UniqueIdentifier>
    </Filter>
    <Filter Include="Header Files\Geodesic_Distance">
      <UniqueIdentifier>{3fd35a19-a17a-402e-bfad-7241e860fd6a}</UniqueIdentifier>
    </Filter>
    <Filter Include="Header Files\Utils">
      <UniqueIdentifier>{8f3b1301-f024-42d7-9edf-d4f7eaa552db}</UniqueIdentifier>
    </Filter>
    <Filter Include="Source Files\Utils">
      <UniqueIdentifier>{297888ef-0051-4796-b54b-7c070b4c72b9}</UniqueIdentifier>
    </Filter>
    <Filter Include="Shaders">
      <UniqueIdentifier>{714f0547-2f70-44c8-bd37-aaac4fdeb0e8}</UniqueIdentifier>
    </Filter>
  </ItemGroup>
  <ItemGroup>
    <ClCompile Include="Source.cpp">
      <Filter>Source Files</Filter>
    </ClCompile>
    <ClCompile Include="CGAL_geodesic.cpp">
      <Filter>Source Files</Filter>
    </ClCompile>
    <ClCompile Include="Edge_Dijkstra.cpp">
      <Filter>Source Files</Filter>
    </ClCompile>
    <ClCompile Include="Fast_Marching_Plane.cpp">
      <Filter>Source Files</Filter>
    </ClCompile>
    <ClCompile Include="OffWriter.cpp">
      <Filter>Source Files</Filter>
    </ClCompile>
    <ClCompile Include="CG_Renderer.cpp">
      <Filter>Source Files\Renderer</Filter>
    </ClCompile>
    <ClCompile Include="FileReader.cpp">
      <Filter>Source Files\Utils</Filter>
    </ClCompile>
    <ClCompile Include="ShaderHelper.cpp">
      <Filter>Source Files\Utils</Filter>
    </ClCompile>
    <ClCompile Include="AGDRenderer.cpp">
      <Filter>Source Files\Utils</Filter>
    </ClCompile>
  </ItemGroup>
  <ItemGroup>
    <ClInclude Include="CGAL_geodesic.h">
      <Filter>Header Files</Filter>
    </ClInclude>
    <ClInclude Include="Edge_Dijkstra.h">
      <Filter>Header Files</Filter>
    </ClInclude>
    <ClInclude Include="Fast_Marching_Plane.h">
      <Filter>Header Files</Filter>
    </ClInclude>
    <ClInclude Include="Common_Djikstra.h">
      <Filter>Header Files</Filter>
    </ClInclude>
    <ClInclude Include="updatePriorityQueue.h">
      <Filter>Header Files</Filter>
    </ClInclude>
    <ClInclude Include="Off_Writer.h">
      <Filter>Header Files</Filter>
    </ClInclude>
    <ClInclude Include="CGRenderer.h">
      <Filter>Header Files\Renderer</Filter>
    </ClInclude>
    <ClInclude Include="FileReader.h">
      <Filter>Header Files\Utils</Filter>
    </ClInclude>
    <ClInclude Include="ShaderHelper.h">
      <Filter>Header Files\Utils</Filter>
    </ClInclude>
    <ClInclude Include="AGDRenderer.h">
      <Filter>Header Files\Renderer</Filter>
    </ClInclude>
    <ClInclude Include="GenericMesh.h">
      <Filter>Header Files</Filter>
    </ClInclude>
  </ItemGroup>
  <ItemGroup>
    <Xsd Include="VertexShader.xsd">
      <Filter>Shaders</Filter>
    </Xsd>
  </ItemGroup>
</Project>